
Microsoft Visual Studio Solution File, Format Version 12.00
# Visual Studio 15
VisualStudioVersion = 15.0.27004.2006
MinimumVisualStudioVersion = 10.0.40219.1
Project("{FAE04EC0-301F-11D3-BF4B-00C04F79EFBC}") = "TrendDrawing", "TrendDrawing\TrendDrawing.csproj", "{8D7AF0ED-39E3-4BCF-A157-97AD13E6F71E}"
EndProject
Global
	GlobalSection(SolutionConfigurationPlatforms) = preSolution
		Debug|Any CPU = Debug|Any CPU
		Release|Any CPU = Release|Any CPU
	EndGlobalSection
	GlobalSection(ProjectConfigurationPlatforms) = postSolution
		{8D7AF0ED-39E3-4BCF-A157-97AD13E6F71E}.Debug|Any CPU.ActiveCfg = Debug|Any CPU
		{8D7AF0ED-39E3-4BCF-A157-97AD13E6F71E}.Debug|Any CPU.Build.0 = Debug|Any CPU
		{8D7AF0ED-39E3-4BCF-A157-97AD13E6F71E}.Release|Any CPU.ActiveCfg = Release|Any CPU
		{8D7AF0ED-39E3-4BCF-A157-97AD13E6F71E}.Release|Any CPU.Build.0 = Release|Any CPU
	EndGlobalSection
	GlobalSection(SolutionProperties) = preSolution
		HideSolutionNode = FALSE
	EndGlobalSection
	GlobalSection(ExtensibilityGlobals) = postSolution
		SolutionGuid = {EA2F788F-3B53-46B2-AC87-B23AFFA2753A}
	EndGlobalSection
EndGlobal
